
Microsoft Visual Studio Solution File, Format Version 12.00
# Visual Studio 2012
Project("{FAE04EC0-301F-11D3-BF4B-00C04F79EFBC}") = "DatBoiPente.Logic", "DatBoiPente.Logic.csproj", "{FF40F37A-76AB-4471-982A-F7ED9995614C}"
EndProject
Global
	GlobalSection(SolutionConfigurationPlatforms) = preSolution
		Debug|Any CPU = Debug|Any CPU
		Release|Any CPU = Release|Any CPU
	EndGlobalSection
	GlobalSection(ProjectConfigurationPlatforms) = postSolution
		{FF40F37A-76AB-4471-982A-F7ED9995614C}.Debug|Any CPU.ActiveCfg = Debug|Any CPU
		{FF40F37A-76AB-4471-982A-F7ED9995614C}.Debug|Any CPU.Build.0 = Debug|Any CPU
		{FF40F37A-76AB-4471-982A-F7ED9995614C}.Release|Any CPU.ActiveCfg = Release|Any CPU
		{FF40F37A-76AB-4471-982A-F7ED9995614C}.Release|Any CPU.Build.0 = Release|Any CPU
	EndGlobalSection
EndGlobal
